// !$*UTF8*$!
{
	archiveVersion = 1;
	classes = {
	};
	objectVersion = 56;
	objects = {

/* Begin PBXBuildFile section */
		77010F9B2C0B525200D38107 /* BaseCollectionViewCell.swift in Sources */ = {isa = PBXBuildFile; fileRef = 77010F9A2C0B525200D38107 /* BaseCollectionViewCell.swift */; };
		77010F9D2C0B53FB00D38107 /* UICollectionView + Ext.swift in Sources */ = {isa = PBXBuildFile; fileRef = 77010F9C2C0B53FB00D38107 /* UICollectionView + Ext.swift */; };
		77010FA02C0B596E00D38107 /* CitySelectionViewModel.swift in Sources */ = {isa = PBXBuildFile; fileRef = 77010F9F2C0B596E00D38107 /* CitySelectionViewModel.swift */; };
		77010FA22C0B717C00D38107 /* InfoFooter.swift in Sources */ = {isa = PBXBuildFile; fileRef = 77010FA12C0B717C00D38107 /* InfoFooter.swift */; };
		77010FA52C0B71B500D38107 /* BaseCollectionReusableView.swift in Sources */ = {isa = PBXBuildFile; fileRef = 77010FA42C0B71B500D38107 /* BaseCollectionReusableView.swift */; };
		77010FA72C0BC5BA00D38107 /* WeatherViewBackground.swift in Sources */ = {isa = PBXBuildFile; fileRef = 77010FA62C0BC5BA00D38107 /* WeatherViewBackground.swift */; };
		7703905D2C19D10100649847 /* APIError.swift in Sources */ = {isa = PBXBuildFile; fileRef = 7703905C2C19D10100649847 /* APIError.swift */; };
		7703905F2C19D44300649847 /* GroupResponse.swift in Sources */ = {isa = PBXBuildFile; fileRef = 7703905E2C19D44300649847 /* GroupResponse.swift */; };
		770390612C19DE3200649847 /* Double + Ext.swift in Sources */ = {isa = PBXBuildFile; fileRef = 770390602C19DE3200649847 /* Double + Ext.swift */; };
		770390692C1DB0C400649847 /* UDStorageManager.swift in Sources */ = {isa = PBXBuildFile; fileRef = 770390682C1DB0C400649847 /* UDStorageManager.swift */; };
		774CE6F62BE6859E001BC511 /* BaseView.swift in Sources */ = {isa = PBXBuildFile; fileRef = 774CE6F52BE6859E001BC511 /* BaseView.swift */; };
		774CE6F82BE685E0001BC511 /* BaseViewController.swift in Sources */ = {isa = PBXBuildFile; fileRef = 774CE6F72BE685E0001BC511 /* BaseViewController.swift */; };
		774CE6FA2BE688EB001BC511 /* DayWeatherCell.swift in Sources */ = {isa = PBXBuildFile; fileRef = 774CE6F92BE688EB001BC511 /* DayWeatherCell.swift */; };
		7758B2B92C10CA1200C25FE7 /* WeatherProvider.swift in Sources */ = {isa = PBXBuildFile; fileRef = 7758B2B82C10CA1200C25FE7 /* WeatherProvider.swift */; };
		777849962C14864500FB660D /* Config.plist in Resources */ = {isa = PBXBuildFile; fileRef = 777849952C14864500FB660D /* Config.plist */; };
		777849982C14873800FB660D /* APIEndpointProvider.swift in Sources */ = {isa = PBXBuildFile; fileRef = 777849972C14873800FB660D /* APIEndpointProvider.swift */; };
		7778499C2C148AB600FB660D /* ForecastResponse.swift in Sources */ = {isa = PBXBuildFile; fileRef = 7778499B2C148AB600FB660D /* ForecastResponse.swift */; };
		7778499F2C14953F00FB660D /* WeatherResponse.swift in Sources */ = {isa = PBXBuildFile; fileRef = 7778499E2C14953F00FB660D /* WeatherResponse.swift */; };
		777849A12C149A9C00FB660D /* city_list.json in Resources */ = {isa = PBXBuildFile; fileRef = 777849A02C149A9C00FB660D /* city_list.json */; };
		777849A32C149AB800FB660D /* CityData.swift in Sources */ = {isa = PBXBuildFile; fileRef = 777849A22C149AB800FB660D /* CityData.swift */; };
		777849A52C149B1E00FB660D /* CityDataProvider.swift in Sources */ = {isa = PBXBuildFile; fileRef = 777849A42C149B1E00FB660D /* CityDataProvider.swift */; };
		777849A72C149C0000FB660D /* CitySearchViewModel.swift in Sources */ = {isa = PBXBuildFile; fileRef = 777849A62C149C0000FB660D /* CitySearchViewModel.swift */; };
		777849A92C14A32C00FB660D /* CloudsData.swift in Sources */ = {isa = PBXBuildFile; fileRef = 777849A82C14A32C00FB660D /* CloudsData.swift */; };
		7799350D2BEBB157001173FB /* CitySelectionViewController.swift in Sources */ = {isa = PBXBuildFile; fileRef = 7799350C2BEBB157001173FB /* CitySelectionViewController.swift */; };
		7799350F2BEBB36A001173FB /* UnitSelectionView.swift in Sources */ = {isa = PBXBuildFile; fileRef = 7799350E2BEBB36A001173FB /* UnitSelectionView.swift */; };
		779935182BF44EFC001173FB /* BaseNavigationController.swift in Sources */ = {isa = PBXBuildFile; fileRef = 779935172BF44EFC001173FB /* BaseNavigationController.swift */; };
		77C183A12BF4D77800FC3227 /* WebViewController.swift in Sources */ = {isa = PBXBuildFile; fileRef = 77C183A02BF4D77800FC3227 /* WebViewController.swift */; };
		77C183A42BF4D93F00FC3227 /* CitySearchViewController.swift in Sources */ = {isa = PBXBuildFile; fileRef = 77C183A32BF4D93F00FC3227 /* CitySearchViewController.swift */; };
		77C183A72BF4DDBC00FC3227 /* CityWeatherDetailedViewController.swift in Sources */ = {isa = PBXBuildFile; fileRef = 77C183A62BF4DDBC00FC3227 /* CityWeatherDetailedViewController.swift */; };
		77C75BF92BF8C60200F01A6E /* MOCKDataProvider.swift in Sources */ = {isa = PBXBuildFile; fileRef = 77C75BF82BF8C60200F01A6E /* MOCKDataProvider.swift */; };
		77CED2112BE6BDCA00ABEF2B /* CityViewCell.swift in Sources */ = {isa = PBXBuildFile; fileRef = 77CED2102BE6BDCA00ABEF2B /* CityViewCell.swift */; };
		77D26E6D2C2314DF000B5E26 /* CoreData.xcdatamodeld in Sources */ = {isa = PBXBuildFile; fileRef = 77D26E6B2C2314DF000B5E26 /* CoreData.xcdatamodeld */; };
		77D26E722C23158D000B5E26 /* CityEntity.swift in Sources */ = {isa = PBXBuildFile; fileRef = 77D26E6F2C23158D000B5E26 /* CityEntity.swift */; };
		77D26E742C2315B2000B5E26 /* CDStorageManager.swift in Sources */ = {isa = PBXBuildFile; fileRef = 77D26E732C2315B2000B5E26 /* CDStorageManager.swift */; };
		77D4BB712BE2829B00056404 /* AppDelegate.swift in Sources */ = {isa = PBXBuildFile; fileRef = 77D4BB702BE2829B00056404 /* AppDelegate.swift */; };
		77D4BB732BE2829B00056404 /* SceneDelegate.swift in Sources */ = {isa = PBXBuildFile; fileRef = 77D4BB722BE2829B00056404 /* SceneDelegate.swift */; };
		77D4BB752BE2829B00056404 /* CityWeatherViewController.swift in Sources */ = {isa = PBXBuildFile; fileRef = 77D4BB742BE2829B00056404 /* CityWeatherViewController.swift */; };
		77D4BB7A2BE2829D00056404 /* Assets.xcassets in Resources */ = {isa = PBXBuildFile; fileRef = 77D4BB792BE2829D00056404 /* Assets.xcassets */; };
		77D4BB7D2BE2829D00056404 /* Base in Resources */ = {isa = PBXBuildFile; fileRef = 77D4BB7C2BE2829D00056404 /* Base */; };
		77D4BB8F2BE2AB5A00056404 /* HourWeatherCell.swift in Sources */ = {isa = PBXBuildFile; fileRef = 77D4BB8E2BE2AB5A00056404 /* HourWeatherCell.swift */; };
		77D4BB922BE2DFF300056404 /* BottomBarView.swift in Sources */ = {isa = PBXBuildFile; fileRef = 77D4BB902BE2DFF300056404 /* BottomBarView.swift */; };
		77D4BB932BE2DFF300056404 /* TitleView.swift in Sources */ = {isa = PBXBuildFile; fileRef = 77D4BB912BE2DFF300056404 /* TitleView.swift */; };
		77D7A47D2C07501E009D799E /* CityWeatherViewModel.swift in Sources */ = {isa = PBXBuildFile; fileRef = 77D7A47C2C07501E009D799E /* CityWeatherViewModel.swift */; };
		77D7A47F2C07543B009D799E /* BaseTableViewCell.swift in Sources */ = {isa = PBXBuildFile; fileRef = 77D7A47E2C07543B009D799E /* BaseTableViewCell.swift */; };
		77D7A4812C075E13009D799E /* UITableView + Ext.swift in Sources */ = {isa = PBXBuildFile; fileRef = 77D7A4802C075E13009D799E /* UITableView + Ext.swift */; };
		77D7A4832C0770D5009D799E /* WeatherViewHeader.swift in Sources */ = {isa = PBXBuildFile; fileRef = 77D7A4822C0770D5009D799E /* WeatherViewHeader.swift */; };
		77E656122C19C24A002A69B8 /* MainData.swift in Sources */ = {isa = PBXBuildFile; fileRef = 77E656112C19C24A002A69B8 /* MainData.swift */; };
		77E656142C19C26C002A69B8 /* WeatherData.swift in Sources */ = {isa = PBXBuildFile; fileRef = 77E656132C19C26C002A69B8 /* WeatherData.swift */; };
		77E656162C19C283002A69B8 /* WindData.swift in Sources */ = {isa = PBXBuildFile; fileRef = 77E656152C19C283002A69B8 /* WindData.swift */; };
		77E656182C19C2AC002A69B8 /* Coordinate.swift in Sources */ = {isa = PBXBuildFile; fileRef = 77E656172C19C2AC002A69B8 /* Coordinate.swift */; };
		77E6561A2C19CD25002A69B8 /* APIDataProvider.swift in Sources */ = {isa = PBXBuildFile; fileRef = 77E656192C19CD25002A69B8 /* APIDataProvider.swift */; };
		F1240E0BF8C2EFD7551A312D /* Pods_WeatherApp.framework in Frameworks */ = {isa = PBXBuildFile; fileRef = 91A3E76353F1A2732D93085D /* Pods_WeatherApp.framework */; };
/* End PBXBuildFile section */

/* Begin PBXFileReference section */
		4C6DB8794574FF910B68DF5D /* Pods-WeatherApp.debug.xcconfig */ = {isa = PBXFileReference; includeInIndex = 1; lastKnownFileType = text.xcconfig; name = "Pods-WeatherApp.debug.xcconfig"; path = "Target Support Files/Pods-WeatherApp/Pods-WeatherApp.debug.xcconfig"; sourceTree = "<group>"; };
		6945823F7ECBABF8CF4D72CB /* Pods-WeatherApp.release.xcconfig */ = {isa = PBXFileReference; includeInIndex = 1; lastKnownFileType = text.xcconfig; name = "Pods-WeatherApp.release.xcconfig"; path = "Target Support Files/Pods-WeatherApp/Pods-WeatherApp.release.xcconfig"; sourceTree = "<group>"; };
		77010F9A2C0B525200D38107 /* BaseCollectionViewCell.swift */ = {isa = PBXFileReference; lastKnownFileType = sourcecode.swift; path = BaseCollectionViewCell.swift; sourceTree = "<group>"; };
		77010F9C2C0B53FB00D38107 /* UICollectionView + Ext.swift */ = {isa = PBXFileReference; lastKnownFileType = sourcecode.swift; path = "UICollectionView + Ext.swift"; sourceTree = "<group>"; };
		77010F9F2C0B596E00D38107 /* CitySelectionViewModel.swift */ = {isa = PBXFileReference; lastKnownFileType = sourcecode.swift; path = CitySelectionViewModel.swift; sourceTree = "<group>"; };
		77010FA12C0B717C00D38107 /* InfoFooter.swift */ = {isa = PBXFileReference; lastKnownFileType = sourcecode.swift; path = InfoFooter.swift; sourceTree = "<group>"; };
		77010FA42C0B71B500D38107 /* BaseCollectionReusableView.swift */ = {isa = PBXFileReference; lastKnownFileType = sourcecode.swift; path = BaseCollectionReusableView.swift; sourceTree = "<group>"; };
		77010FA62C0BC5BA00D38107 /* WeatherViewBackground.swift */ = {isa = PBXFileReference; lastKnownFileType = sourcecode.swift; path = WeatherViewBackground.swift; sourceTree = "<group>"; };
		7703905C2C19D10100649847 /* APIError.swift */ = {isa = PBXFileReference; lastKnownFileType = sourcecode.swift; path = APIError.swift; sourceTree = "<group>"; };
		7703905E2C19D44300649847 /* GroupResponse.swift */ = {isa = PBXFileReference; lastKnownFileType = sourcecode.swift; path = GroupResponse.swift; sourceTree = "<group>"; };
		770390602C19DE3200649847 /* Double + Ext.swift */ = {isa = PBXFileReference; lastKnownFileType = sourcecode.swift; path = "Double + Ext.swift"; sourceTree = "<group>"; };
		770390682C1DB0C400649847 /* UDStorageManager.swift */ = {isa = PBXFileReference; lastKnownFileType = sourcecode.swift; path = UDStorageManager.swift; sourceTree = "<group>"; };
		774CE6F52BE6859E001BC511 /* BaseView.swift */ = {isa = PBXFileReference; lastKnownFileType = sourcecode.swift; path = BaseView.swift; sourceTree = "<group>"; };
		774CE6F72BE685E0001BC511 /* BaseViewController.swift */ = {isa = PBXFileReference; lastKnownFileType = sourcecode.swift; path = BaseViewController.swift; sourceTree = "<group>"; };
		774CE6F92BE688EB001BC511 /* DayWeatherCell.swift */ = {isa = PBXFileReference; lastKnownFileType = sourcecode.swift; path = DayWeatherCell.swift; sourceTree = "<group>"; };
		7758B2B82C10CA1200C25FE7 /* WeatherProvider.swift */ = {isa = PBXFileReference; lastKnownFileType = sourcecode.swift; path = WeatherProvider.swift; sourceTree = "<group>"; };
		777849952C14864500FB660D /* Config.plist */ = {isa = PBXFileReference; lastKnownFileType = text.plist.xml; path = Config.plist; sourceTree = "<group>"; };
		777849972C14873800FB660D /* APIEndpointProvider.swift */ = {isa = PBXFileReference; lastKnownFileType = sourcecode.swift; path = APIEndpointProvider.swift; sourceTree = "<group>"; };
		7778499B2C148AB600FB660D /* ForecastResponse.swift */ = {isa = PBXFileReference; lastKnownFileType = sourcecode.swift; path = ForecastResponse.swift; sourceTree = "<group>"; };
		7778499E2C14953F00FB660D /* WeatherResponse.swift */ = {isa = PBXFileReference; lastKnownFileType = sourcecode.swift; path = WeatherResponse.swift; sourceTree = "<group>"; };
		777849A02C149A9C00FB660D /* city_list.json */ = {isa = PBXFileReference; fileEncoding = 4; lastKnownFileType = text.json; path = city_list.json; sourceTree = "<group>"; };
		777849A22C149AB800FB660D /* CityData.swift */ = {isa = PBXFileReference; lastKnownFileType = sourcecode.swift; path = CityData.swift; sourceTree = "<group>"; };
		777849A42C149B1E00FB660D /* CityDataProvider.swift */ = {isa = PBXFileReference; lastKnownFileType = sourcecode.swift; path = CityDataProvider.swift; sourceTree = "<group>"; };
		777849A62C149C0000FB660D /* CitySearchViewModel.swift */ = {isa = PBXFileReference; lastKnownFileType = sourcecode.swift; path = CitySearchViewModel.swift; sourceTree = "<group>"; };
		777849A82C14A32C00FB660D /* CloudsData.swift */ = {isa = PBXFileReference; lastKnownFileType = sourcecode.swift; path = CloudsData.swift; sourceTree = "<group>"; };
		7799350C2BEBB157001173FB /* CitySelectionViewController.swift */ = {isa = PBXFileReference; lastKnownFileType = sourcecode.swift; path = CitySelectionViewController.swift; sourceTree = "<group>"; };
		7799350E2BEBB36A001173FB /* UnitSelectionView.swift */ = {isa = PBXFileReference; lastKnownFileType = sourcecode.swift; path = UnitSelectionView.swift; sourceTree = "<group>"; };
		779935172BF44EFC001173FB /* BaseNavigationController.swift */ = {isa = PBXFileReference; lastKnownFileType = sourcecode.swift; path = BaseNavigationController.swift; sourceTree = "<group>"; };
		77C183A02BF4D77800FC3227 /* WebViewController.swift */ = {isa = PBXFileReference; lastKnownFileType = sourcecode.swift; path = WebViewController.swift; sourceTree = "<group>"; };
		77C183A32BF4D93F00FC3227 /* CitySearchViewController.swift */ = {isa = PBXFileReference; lastKnownFileType = sourcecode.swift; path = CitySearchViewController.swift; sourceTree = "<group>"; };
		77C183A62BF4DDBC00FC3227 /* CityWeatherDetailedViewController.swift */ = {isa = PBXFileReference; lastKnownFileType = sourcecode.swift; path = CityWeatherDetailedViewController.swift; sourceTree = "<group>"; };
		77C75BF82BF8C60200F01A6E /* MOCKDataProvider.swift */ = {isa = PBXFileReference; lastKnownFileType = sourcecode.swift; path = MOCKDataProvider.swift; sourceTree = "<group>"; };
		77CED2102BE6BDCA00ABEF2B /* CityViewCell.swift */ = {isa = PBXFileReference; lastKnownFileType = sourcecode.swift; path = CityViewCell.swift; sourceTree = "<group>"; };
		77D26E6C2C2314DF000B5E26 /* CoreData.xcdatamodel */ = {isa = PBXFileReference; lastKnownFileType = wrapper.xcdatamodel; path = CoreData.xcdatamodel; sourceTree = "<group>"; };
		77D26E6F2C23158D000B5E26 /* CityEntity.swift */ = {isa = PBXFileReference; fileEncoding = 4; lastKnownFileType = sourcecode.swift; path = CityEntity.swift; sourceTree = "<group>"; };
		77D26E732C2315B2000B5E26 /* CDStorageManager.swift */ = {isa = PBXFileReference; lastKnownFileType = sourcecode.swift; path = CDStorageManager.swift; sourceTree = "<group>"; };
		77D4BB6D2BE2829B00056404 /* WeatherApp.app */ = {isa = PBXFileReference; explicitFileType = wrapper.application; includeInIndex = 0; path = WeatherApp.app; sourceTree = BUILT_PRODUCTS_DIR; };
		77D4BB702BE2829B00056404 /* AppDelegate.swift */ = {isa = PBXFileReference; lastKnownFileType = sourcecode.swift; path = AppDelegate.swift; sourceTree = "<group>"; };
		77D4BB722BE2829B00056404 /* SceneDelegate.swift */ = {isa = PBXFileReference; lastKnownFileType = sourcecode.swift; path = SceneDelegate.swift; sourceTree = "<group>"; };
		77D4BB742BE2829B00056404 /* CityWeatherViewController.swift */ = {isa = PBXFileReference; lastKnownFileType = sourcecode.swift; path = CityWeatherViewController.swift; sourceTree = "<group>"; };
		77D4BB792BE2829D00056404 /* Assets.xcassets */ = {isa = PBXFileReference; lastKnownFileType = folder.assetcatalog; path = Assets.xcassets; sourceTree = "<group>"; };
		77D4BB7C2BE2829D00056404 /* Base */ = {isa = PBXFileReference; lastKnownFileType = file.storyboard; name = Base; path = Base.lproj/LaunchScreen.storyboard; sourceTree = "<group>"; };
		77D4BB7E2BE2829D00056404 /* Info.plist */ = {isa = PBXFileReference; lastKnownFileType = text.plist.xml; path = Info.plist; sourceTree = "<group>"; };
		77D4BB8E2BE2AB5A00056404 /* HourWeatherCell.swift */ = {isa = PBXFileReference; lastKnownFileType = sourcecode.swift; path = HourWeatherCell.swift; sourceTree = "<group>"; };
		77D4BB902BE2DFF300056404 /* BottomBarView.swift */ = {isa = PBXFileReference; fileEncoding = 4; lastKnownFileType = sourcecode.swift; path = BottomBarView.swift; sourceTree = "<group>"; };
		77D4BB912BE2DFF300056404 /* TitleView.swift */ = {isa = PBXFileReference; fileEncoding = 4; lastKnownFileType = sourcecode.swift; path = TitleView.swift; sourceTree = "<group>"; };
		77D7A47C2C07501E009D799E /* CityWeatherViewModel.swift */ = {isa = PBXFileReference; lastKnownFileType = sourcecode.swift; path = CityWeatherViewModel.swift; sourceTree = "<group>"; };
		77D7A47E2C07543B009D799E /* BaseTableViewCell.swift */ = {isa = PBXFileReference; lastKnownFileType = sourcecode.swift; path = BaseTableViewCell.swift; sourceTree = "<group>"; };
		77D7A4802C075E13009D799E /* UITableView + Ext.swift */ = {isa = PBXFileReference; lastKnownFileType = sourcecode.swift; path = "UITableView + Ext.swift"; sourceTree = "<group>"; };
		77D7A4822C0770D5009D799E /* WeatherViewHeader.swift */ = {isa = PBXFileReference; lastKnownFileType = sourcecode.swift; path = WeatherViewHeader.swift; sourceTree = "<group>"; };
		77E656112C19C24A002A69B8 /* MainData.swift */ = {isa = PBXFileReference; lastKnownFileType = sourcecode.swift; path = MainData.swift; sourceTree = "<group>"; };
		77E656132C19C26C002A69B8 /* WeatherData.swift */ = {isa = PBXFileReference; lastKnownFileType = sourcecode.swift; path = WeatherData.swift; sourceTree = "<group>"; };
		77E656152C19C283002A69B8 /* WindData.swift */ = {isa = PBXFileReference; lastKnownFileType = sourcecode.swift; path = WindData.swift; sourceTree = "<group>"; };
		77E656172C19C2AC002A69B8 /* Coordinate.swift */ = {isa = PBXFileReference; lastKnownFileType = sourcecode.swift; path = Coordinate.swift; sourceTree = "<group>"; };
		77E656192C19CD25002A69B8 /* APIDataProvider.swift */ = {isa = PBXFileReference; lastKnownFileType = sourcecode.swift; path = APIDataProvider.swift; sourceTree = "<group>"; };
		91A3E76353F1A2732D93085D /* Pods_WeatherApp.framework */ = {isa = PBXFileReference; explicitFileType = wrapper.framework; includeInIndex = 0; path = Pods_WeatherApp.framework; sourceTree = BUILT_PRODUCTS_DIR; };
/* End PBXFileReference section */

/* Begin PBXFrameworksBuildPhase section */
		77D4BB6A2BE2829B00056404 /* Frameworks */ = {
			isa = PBXFrameworksBuildPhase;
			buildActionMask = 2147483647;
			files = (
				F1240E0BF8C2EFD7551A312D /* Pods_WeatherApp.framework in Frameworks */,
			);
			runOnlyForDeploymentPostprocessing = 0;
		};
/* End PBXFrameworksBuildPhase section */

/* Begin PBXGroup section */
		50B416734CCBE35232120501 /* Pods */ = {
			isa = PBXGroup;
			children = (
				4C6DB8794574FF910B68DF5D /* Pods-WeatherApp.debug.xcconfig */,
				6945823F7ECBABF8CF4D72CB /* Pods-WeatherApp.release.xcconfig */,
			);
			path = Pods;
			sourceTree = "<group>";
		};
		770390622C19E0CD00649847 /* APIDataProvider */ = {
			isa = PBXGroup;
			children = (
				777849992C148A5400FB660D /* Models */,
				77E656192C19CD25002A69B8 /* APIDataProvider.swift */,
			);
			path = APIDataProvider;
			sourceTree = "<group>";
		};
		774CE6F42BE6858D001BC511 /* BaseComponents */ = {
			isa = PBXGroup;
			children = (
				774CE6F52BE6859E001BC511 /* BaseView.swift */,
				77010FA42C0B71B500D38107 /* BaseCollectionReusableView.swift */,
				774CE6F72BE685E0001BC511 /* BaseViewController.swift */,
				779935172BF44EFC001173FB /* BaseNavigationController.swift */,
				77C183A02BF4D77800FC3227 /* WebViewController.swift */,
				77D7A47E2C07543B009D799E /* BaseTableViewCell.swift */,
				77010F9A2C0B525200D38107 /* BaseCollectionViewCell.swift */,
			);
			path = BaseComponents;
			sourceTree = "<group>";
		};
		774CE6FB2BE6BCF0001BC511 /* CitySelection */ = {
			isa = PBXGroup;
			children = (
				77CED20F2BE6BD6300ABEF2B /* View */,
				7799350C2BEBB157001173FB /* CitySelectionViewController.swift */,
				77010F9F2C0B596E00D38107 /* CitySelectionViewModel.swift */,
			);
			path = CitySelection;
			sourceTree = "<group>";
		};
		777849992C148A5400FB660D /* Models */ = {
			isa = PBXGroup;
			children = (
				7778499B2C148AB600FB660D /* ForecastResponse.swift */,
				7778499E2C14953F00FB660D /* WeatherResponse.swift */,
				7703905E2C19D44300649847 /* GroupResponse.swift */,
				777849A22C149AB800FB660D /* CityData.swift */,
				77E656112C19C24A002A69B8 /* MainData.swift */,
				77E656132C19C26C002A69B8 /* WeatherData.swift */,
				77E656152C19C283002A69B8 /* WindData.swift */,
				777849A82C14A32C00FB660D /* CloudsData.swift */,
				77E656172C19C2AC002A69B8 /* Coordinate.swift */,
				7703905C2C19D10100649847 /* APIError.swift */,
			);
			path = Models;
			sourceTree = "<group>";
		};
		77C183A22BF4D92C00FC3227 /* CitySearch */ = {
			isa = PBXGroup;
			children = (
				77C183A32BF4D93F00FC3227 /* CitySearchViewController.swift */,
				777849A62C149C0000FB660D /* CitySearchViewModel.swift */,
			);
			path = CitySearch;
			sourceTree = "<group>";
		};
		77C183A52BF4DD8E00FC3227 /* CityWeatherDetailed */ = {
			isa = PBXGroup;
			children = (
				77C183A62BF4DDBC00FC3227 /* CityWeatherDetailedViewController.swift */,
			);
			path = CityWeatherDetailed;
			sourceTree = "<group>";
		};
		77C75BF72BF8C5F400F01A6E /* Services */ = {
			isa = PBXGroup;
			children = (
				77D26E6A2C231493000B5E26 /* CDStorageManager */,
				77C75BF82BF8C60200F01A6E /* MOCKDataProvider.swift */,
				7758B2B82C10CA1200C25FE7 /* WeatherProvider.swift */,
				777849972C14873800FB660D /* APIEndpointProvider.swift */,
				770390622C19E0CD00649847 /* APIDataProvider */,
				777849A42C149B1E00FB660D /* CityDataProvider.swift */,
				770390682C1DB0C400649847 /* UDStorageManager.swift */,
			);
			path = Services;
			sourceTree = "<group>";
		};
		77C75BFA2BF8EF0800F01A6E /* SupportingFiles */ = {
			isa = PBXGroup;
			children = (
				777849A02C149A9C00FB660D /* city_list.json */,
				77D4BB792BE2829D00056404 /* Assets.xcassets */,
				77D4BB7B2BE2829D00056404 /* LaunchScreen.storyboard */,
				77D4BB7E2BE2829D00056404 /* Info.plist */,
				777849952C14864500FB660D /* Config.plist */,
			);
			path = SupportingFiles;
			sourceTree = "<group>";
		};
		77C75BFB2BF8EF3E00F01A6E /* Application */ = {
			isa = PBXGroup;
			children = (
				77D4BB702BE2829B00056404 /* AppDelegate.swift */,
				77D4BB722BE2829B00056404 /* SceneDelegate.swift */,
			);
			path = Application;
			sourceTree = "<group>";
		};
		77C75BFE2BFE33EF00F01A6E /* Tools */ = {
			isa = PBXGroup;
			children = (
				77C75BFF2BFE33F600F01A6E /* Extensions */,
			);
			path = Tools;
			sourceTree = "<group>";
		};
		77C75BFF2BFE33F600F01A6E /* Extensions */ = {
			isa = PBXGroup;
			children = (
				77D7A4802C075E13009D799E /* UITableView + Ext.swift */,
				77010F9C2C0B53FB00D38107 /* UICollectionView + Ext.swift */,
				770390602C19DE3200649847 /* Double + Ext.swift */,
			);
			path = Extensions;
			sourceTree = "<group>";
		};
		77CED20F2BE6BD6300ABEF2B /* View */ = {
			isa = PBXGroup;
			children = (
				77CED2102BE6BDCA00ABEF2B /* CityViewCell.swift */,
				7799350E2BEBB36A001173FB /* UnitSelectionView.swift */,
				77010FA12C0B717C00D38107 /* InfoFooter.swift */,
			);
			path = View;
			sourceTree = "<group>";
		};
		77D26E6A2C231493000B5E26 /* CDStorageManager */ = {
			isa = PBXGroup;
			children = (
				77D26E702C23158D000B5E26 /* Models */,
				77D26E6B2C2314DF000B5E26 /* CoreData.xcdatamodeld */,
				77D26E732C2315B2000B5E26 /* CDStorageManager.swift */,
			);
			path = CDStorageManager;
			sourceTree = "<group>";
		};
		77D26E702C23158D000B5E26 /* Models */ = {
			isa = PBXGroup;
			children = (
				77D26E6F2C23158D000B5E26 /* CityEntity.swift */,
			);
			path = Models;
			sourceTree = "<group>";
		};
		77D4BB642BE2829B00056404 = {
			isa = PBXGroup;
			children = (
				77D4BB6F2BE2829B00056404 /* WeatherApp */,
				77D4BB6E2BE2829B00056404 /* Products */,
				50B416734CCBE35232120501 /* Pods */,
				FFA3D71D750FCA7C172BDA8A /* Frameworks */,
			);
			sourceTree = "<group>";
		};
		77D4BB6E2BE2829B00056404 /* Products */ = {
			isa = PBXGroup;
			children = (
				77D4BB6D2BE2829B00056404 /* WeatherApp.app */,
			);
			name = Products;
			sourceTree = "<group>";
		};
		77D4BB6F2BE2829B00056404 /* WeatherApp */ = {
			isa = PBXGroup;
			children = (
				77C75BFB2BF8EF3E00F01A6E /* Application */,
				77C75BF72BF8C5F400F01A6E /* Services */,
				774CE6F42BE6858D001BC511 /* BaseComponents */,
				774CE6FB2BE6BCF0001BC511 /* CitySelection */,
				77C183A22BF4D92C00FC3227 /* CitySearch */,
				77D4BB842BE2848900056404 /* CityWeather */,
				77C183A52BF4DD8E00FC3227 /* CityWeatherDetailed */,
				77C75BFA2BF8EF0800F01A6E /* SupportingFiles */,
				77C75BFE2BFE33EF00F01A6E /* Tools */,
			);
			path = WeatherApp;
			sourceTree = "<group>";
		};
		77D4BB842BE2848900056404 /* CityWeather */ = {
			isa = PBXGroup;
			children = (
				77D4BB852BE2849600056404 /* Views */,
				77D4BB742BE2829B00056404 /* CityWeatherViewController.swift */,
				77D7A47C2C07501E009D799E /* CityWeatherViewModel.swift */,
			);
			path = CityWeather;
			sourceTree = "<group>";
		};
		77D4BB852BE2849600056404 /* Views */ = {
			isa = PBXGroup;
			children = (
				77D4BB902BE2DFF300056404 /* BottomBarView.swift */,
				77D4BB912BE2DFF300056404 /* TitleView.swift */,
				77D4BB8E2BE2AB5A00056404 /* HourWeatherCell.swift */,
				774CE6F92BE688EB001BC511 /* DayWeatherCell.swift */,
				77D7A4822C0770D5009D799E /* WeatherViewHeader.swift */,
				77010FA62C0BC5BA00D38107 /* WeatherViewBackground.swift */,
			);
			path = Views;
			sourceTree = "<group>";
		};
		FFA3D71D750FCA7C172BDA8A /* Frameworks */ = {
			isa = PBXGroup;
			children = (
				91A3E76353F1A2732D93085D /* Pods_WeatherApp.framework */,
			);
			name = Frameworks;
			sourceTree = "<group>";
		};
/* End PBXGroup section */

/* Begin PBXNativeTarget section */
		77D4BB6C2BE2829B00056404 /* WeatherApp */ = {
			isa = PBXNativeTarget;
			buildConfigurationList = 77D4BB812BE2829D00056404 /* Build configuration list for PBXNativeTarget "WeatherApp" */;
			buildPhases = (
				4C4E1CB63DD90087BC9E0FC8 /* [CP] Check Pods Manifest.lock */,
				77D4BB692BE2829B00056404 /* Sources */,
				77D4BB6A2BE2829B00056404 /* Frameworks */,
				77D4BB6B2BE2829B00056404 /* Resources */,
				9A78664F3E292CF08583AFBB /* [CP] Embed Pods Frameworks */,
			);
			buildRules = (
			);
			dependencies = (
			);
			name = WeatherApp;
			productName = WeatherApp;
			productReference = 77D4BB6D2BE2829B00056404 /* WeatherApp.app */;
			productType = "com.apple.product-type.application";
		};
/* End PBXNativeTarget section */

/* Begin PBXProject section */
		77D4BB652BE2829B00056404 /* Project object */ = {
			isa = PBXProject;
			attributes = {
				BuildIndependentTargetsInParallel = 1;
				LastSwiftUpdateCheck = 1530;
				LastUpgradeCheck = 1530;
				TargetAttributes = {
					77D4BB6C2BE2829B00056404 = {
						CreatedOnToolsVersion = 15.3;
					};
				};
			};
			buildConfigurationList = 77D4BB682BE2829B00056404 /* Build configuration list for PBXProject "WeatherApp" */;
			compatibilityVersion = "Xcode 14.0";
			developmentRegion = en;
			hasScannedForEncodings = 0;
			knownRegions = (
				en,
				Base,
			);
			mainGroup = 77D4BB642BE2829B00056404;
			productRefGroup = 77D4BB6E2BE2829B00056404 /* Products */;
			projectDirPath = "";
			projectRoot = "";
			targets = (
				77D4BB6C2BE2829B00056404 /* WeatherApp */,
			);
		};
/* End PBXProject section */

/* Begin PBXResourcesBuildPhase section */
		77D4BB6B2BE2829B00056404 /* Resources */ = {
			isa = PBXResourcesBuildPhase;
			buildActionMask = 2147483647;
			files = (
				77D4BB7A2BE2829D00056404 /* Assets.xcassets in Resources */,
				777849962C14864500FB660D /* Config.plist in Resources */,
				777849A12C149A9C00FB660D /* city_list.json in Resources */,
				77D4BB7D2BE2829D00056404 /* Base in Resources */,
			);
			runOnlyForDeploymentPostprocessing = 0;
		};
/* End PBXResourcesBuildPhase section */

/* Begin PBXShellScriptBuildPhase section */
		4C4E1CB63DD90087BC9E0FC8 /* [CP] Check Pods Manifest.lock */ = {
			isa = PBXShellScriptBuildPhase;
			buildActionMask = 2147483647;
			files = (
			);
			inputFileListPaths = (
			);
			inputPaths = (
				"${PODS_PODFILE_DIR_PATH}/Podfile.lock",
				"${PODS_ROOT}/Manifest.lock",
			);
			name = "[CP] Check Pods Manifest.lock";
			outputFileListPaths = (
			);
			outputPaths = (
				"$(DERIVED_FILE_DIR)/Pods-WeatherApp-checkManifestLockResult.txt",
			);
			runOnlyForDeploymentPostprocessing = 0;
			shellPath = /bin/sh;
			shellScript = "diff \"${PODS_PODFILE_DIR_PATH}/Podfile.lock\" \"${PODS_ROOT}/Manifest.lock\" > /dev/null\nif [ $? != 0 ] ; then\n    # print error to STDERR\n    echo \"error: The sandbox is not in sync with the Podfile.lock. Run 'pod install' or update your CocoaPods installation.\" >&2\n    exit 1\nfi\n# This output is used by Xcode 'outputs' to avoid re-running this script phase.\necho \"SUCCESS\" > \"${SCRIPT_OUTPUT_FILE_0}\"\n";
			showEnvVarsInLog = 0;
		};
		9A78664F3E292CF08583AFBB /* [CP] Embed Pods Frameworks */ = {
			isa = PBXShellScriptBuildPhase;
			buildActionMask = 2147483647;
			files = (
			);
			inputFileListPaths = (
				"${PODS_ROOT}/Target Support Files/Pods-WeatherApp/Pods-WeatherApp-frameworks-${CONFIGURATION}-input-files.xcfilelist",
			);
			name = "[CP] Embed Pods Frameworks";
			outputFileListPaths = (
				"${PODS_ROOT}/Target Support Files/Pods-WeatherApp/Pods-WeatherApp-frameworks-${CONFIGURATION}-output-files.xcfilelist",
			);
			runOnlyForDeploymentPostprocessing = 0;
			shellPath = /bin/sh;
			shellScript = "\"${PODS_ROOT}/Target Support Files/Pods-WeatherApp/Pods-WeatherApp-frameworks.sh\"\n";
			showEnvVarsInLog = 0;
		};
/* End PBXShellScriptBuildPhase section */

/* Begin PBXSourcesBuildPhase section */
		77D4BB692BE2829B00056404 /* Sources */ = {
			isa = PBXSourcesBuildPhase;
			buildActionMask = 2147483647;
			files = (
				7703905D2C19D10100649847 /* APIError.swift in Sources */,
				777849A92C14A32C00FB660D /* CloudsData.swift in Sources */,
				77D26E6D2C2314DF000B5E26 /* CoreData.xcdatamodeld in Sources */,
				774CE6FA2BE688EB001BC511 /* DayWeatherCell.swift in Sources */,
				77CED2112BE6BDCA00ABEF2B /* CityViewCell.swift in Sources */,
				7778499F2C14953F00FB660D /* WeatherResponse.swift in Sources */,
				77E656122C19C24A002A69B8 /* MainData.swift in Sources */,
				77E656162C19C283002A69B8 /* WindData.swift in Sources */,
				77D4BB8F2BE2AB5A00056404 /* HourWeatherCell.swift in Sources */,
				77E656142C19C26C002A69B8 /* WeatherData.swift in Sources */,
				77D7A4812C075E13009D799E /* UITableView + Ext.swift in Sources */,
				77D26E722C23158D000B5E26 /* CityEntity.swift in Sources */,
				77D7A47F2C07543B009D799E /* BaseTableViewCell.swift in Sources */,
				77010FA72C0BC5BA00D38107 /* WeatherViewBackground.swift in Sources */,
				7799350F2BEBB36A001173FB /* UnitSelectionView.swift in Sources */,
				77010FA22C0B717C00D38107 /* InfoFooter.swift in Sources */,
				77D4BB752BE2829B00056404 /* CityWeatherViewController.swift in Sources */,
				777849982C14873800FB660D /* APIEndpointProvider.swift in Sources */,
				770390612C19DE3200649847 /* Double + Ext.swift in Sources */,
				77D4BB712BE2829B00056404 /* AppDelegate.swift in Sources */,
				7778499C2C148AB600FB660D /* ForecastResponse.swift in Sources */,
				777849A52C149B1E00FB660D /* CityDataProvider.swift in Sources */,
				77C183A72BF4DDBC00FC3227 /* CityWeatherDetailedViewController.swift in Sources */,
				77D4BB932BE2DFF300056404 /* TitleView.swift in Sources */,
				77D7A47D2C07501E009D799E /* CityWeatherViewModel.swift in Sources */,
				77C75BF92BF8C60200F01A6E /* MOCKDataProvider.swift in Sources */,
				7799350D2BEBB157001173FB /* CitySelectionViewController.swift in Sources */,
				7703905F2C19D44300649847 /* GroupResponse.swift in Sources */,
				77E6561A2C19CD25002A69B8 /* APIDataProvider.swift in Sources */,
				7758B2B92C10CA1200C25FE7 /* WeatherProvider.swift in Sources */,
				779935182BF44EFC001173FB /* BaseNavigationController.swift in Sources */,
				77010F9D2C0B53FB00D38107 /* UICollectionView + Ext.swift in Sources */,
				77D4BB922BE2DFF300056404 /* BottomBarView.swift in Sources */,
				77010F9B2C0B525200D38107 /* BaseCollectionViewCell.swift in Sources */,
				77D7A4832C0770D5009D799E /* WeatherViewHeader.swift in Sources */,
				77010FA02C0B596E00D38107 /* CitySelectionViewModel.swift in Sources */,
				770390692C1DB0C400649847 /* UDStorageManager.swift in Sources */,
				774CE6F82BE685E0001BC511 /* BaseViewController.swift in Sources */,
				77C183A12BF4D77800FC3227 /* WebViewController.swift in Sources */,
				77D26E742C2315B2000B5E26 /* CDStorageManager.swift in Sources */,
				77C183A42BF4D93F00FC3227 /* CitySearchViewController.swift in Sources */,
				777849A72C149C0000FB660D /* CitySearchViewModel.swift in Sources */,
				777849A32C149AB800FB660D /* CityData.swift in Sources */,
				77E656182C19C2AC002A69B8 /* Coordinate.swift in Sources */,
				77D4BB732BE2829B00056404 /* SceneDelegate.swift in Sources */,
				77010FA52C0B71B500D38107 /* BaseCollectionReusableView.swift in Sources */,
				774CE6F62BE6859E001BC511 /* BaseView.swift in Sources */,
			);
			runOnlyForDeploymentPostprocessing = 0;
		};
/* End PBXSourcesBuildPhase section */

/* Begin PBXVariantGroup section */
		77D4BB7B2BE2829D00056404 /* LaunchScreen.storyboard */ = {
			isa = PBXVariantGroup;
			children = (
				77D4BB7C2BE2829D00056404 /* Base */,
			);
			name = LaunchScreen.storyboard;
			sourceTree = "<group>";
		};
/* End PBXVariantGroup section */

/* Begin XCBuildConfiguration section */
		77D4BB7F2BE2829D00056404 /* Debug */ = {
			isa = XCBuildConfiguration;
			buildSettings = {
				ALWAYS_SEARCH_USER_PATHS = NO;
				ASSETCATALOG_COMPILER_GENERATE_SWIFT_ASSET_SYMBOL_EXTENSIONS = YES;
				CLANG_ANALYZER_NONNULL = YES;
				CLANG_ANALYZER_NUMBER_OBJECT_CONVERSION = YES_AGGRESSIVE;
				CLANG_CXX_LANGUAGE_STANDARD = "gnu++20";
				CLANG_ENABLE_MODULES = YES;
				CLANG_ENABLE_OBJC_ARC = YES;
				CLANG_ENABLE_OBJC_WEAK = YES;
				CLANG_WARN_BLOCK_CAPTURE_AUTORELEASING = YES;
				CLANG_WARN_BOOL_CONVERSION = YES;
				CLANG_WARN_COMMA = YES;
				CLANG_WARN_CONSTANT_CONVERSION = YES;
				CLANG_WARN_DEPRECATED_OBJC_IMPLEMENTATIONS = YES;
				CLANG_WARN_DIRECT_OBJC_ISA_USAGE = YES_ERROR;
				CLANG_WARN_DOCUMENTATION_COMMENTS = YES;
				CLANG_WARN_EMPTY_BODY = YES;
				CLANG_WARN_ENUM_CONVERSION = YES;
				CLANG_WARN_INFINITE_RECURSION = YES;
				CLANG_WARN_INT_CONVERSION = YES;
				CLANG_WARN_NON_LITERAL_NULL_CONVERSION = YES;
				CLANG_WARN_OBJC_IMPLICIT_RETAIN_SELF = YES;
				CLANG_WARN_OBJC_LITERAL_CONVERSION = YES;
				CLANG_WARN_OBJC_ROOT_CLASS = YES_ERROR;
				CLANG_WARN_QUOTED_INCLUDE_IN_FRAMEWORK_HEADER = YES;
				CLANG_WARN_RANGE_LOOP_ANALYSIS = YES;
				CLANG_WARN_STRICT_PROTOTYPES = YES;
				CLANG_WARN_SUSPICIOUS_MOVE = YES;
				CLANG_WARN_UNGUARDED_AVAILABILITY = YES_AGGRESSIVE;
				CLANG_WARN_UNREACHABLE_CODE = YES;
				CLANG_WARN__DUPLICATE_METHOD_MATCH = YES;
				COPY_PHASE_STRIP = NO;
				DEBUG_INFORMATION_FORMAT = dwarf;
				ENABLE_STRICT_OBJC_MSGSEND = YES;
				ENABLE_TESTABILITY = YES;
				ENABLE_USER_SCRIPT_SANDBOXING = YES;
				GCC_C_LANGUAGE_STANDARD = gnu17;
				GCC_DYNAMIC_NO_PIC = NO;
				GCC_NO_COMMON_BLOCKS = YES;
				GCC_OPTIMIZATION_LEVEL = 0;
				GCC_PREPROCESSOR_DEFINITIONS = (
					"DEBUG=1",
					"$(inherited)",
				);
				GCC_WARN_64_TO_32_BIT_CONVERSION = YES;
				GCC_WARN_ABOUT_RETURN_TYPE = YES_ERROR;
				GCC_WARN_UNDECLARED_SELECTOR = YES;
				GCC_WARN_UNINITIALIZED_AUTOS = YES_AGGRESSIVE;
				GCC_WARN_UNUSED_FUNCTION = YES;
				GCC_WARN_UNUSED_VARIABLE = YES;
				IPHONEOS_DEPLOYMENT_TARGET = 16;
				LOCALIZATION_PREFERS_STRING_CATALOGS = YES;
				MTL_ENABLE_DEBUG_INFO = INCLUDE_SOURCE;
				MTL_FAST_MATH = YES;
				ONLY_ACTIVE_ARCH = YES;
				SDKROOT = iphoneos;
				SWIFT_ACTIVE_COMPILATION_CONDITIONS = "DEBUG $(inherited)";
				SWIFT_OPTIMIZATION_LEVEL = "-Onone";
			};
			name = Debug;
		};
		77D4BB802BE2829D00056404 /* Release */ = {
			isa = XCBuildConfiguration;
			buildSettings = {
				ALWAYS_SEARCH_USER_PATHS = NO;
				ASSETCATALOG_COMPILER_GENERATE_SWIFT_ASSET_SYMBOL_EXTENSIONS = YES;
				CLANG_ANALYZER_NONNULL = YES;
				CLANG_ANALYZER_NUMBER_OBJECT_CONVERSION = YES_AGGRESSIVE;
				CLANG_CXX_LANGUAGE_STANDARD = "gnu++20";
				CLANG_ENABLE_MODULES = YES;
				CLANG_ENABLE_OBJC_ARC = YES;
				CLANG_ENABLE_OBJC_WEAK = YES;
				CLANG_WARN_BLOCK_CAPTURE_AUTORELEASING = YES;
				CLANG_WARN_BOOL_CONVERSION = YES;
				CLANG_WARN_COMMA = YES;
				CLANG_WARN_CONSTANT_CONVERSION = YES;
				CLANG_WARN_DEPRECATED_OBJC_IMPLEMENTATIONS = YES;
				CLANG_WARN_DIRECT_OBJC_ISA_USAGE = YES_ERROR;
				CLANG_WARN_DOCUMENTATION_COMMENTS = YES;
				CLANG_WARN_EMPTY_BODY = YES;
				CLANG_WARN_ENUM_CONVERSION = YES;
				CLANG_WARN_INFINITE_RECURSION = YES;
				CLANG_WARN_INT_CONVERSION = YES;
				CLANG_WARN_NON_LITERAL_NULL_CONVERSION = YES;
				CLANG_WARN_OBJC_IMPLICIT_RETAIN_SELF = YES;
				CLANG_WARN_OBJC_LITERAL_CONVERSION = YES;
				CLANG_WARN_OBJC_ROOT_CLASS = YES_ERROR;
				CLANG_WARN_QUOTED_INCLUDE_IN_FRAMEWORK_HEADER = YES;
				CLANG_WARN_RANGE_LOOP_ANALYSIS = YES;
				CLANG_WARN_STRICT_PROTOTYPES = YES;
				CLANG_WARN_SUSPICIOUS_MOVE = YES;
				CLANG_WARN_UNGUARDED_AVAILABILITY = YES_AGGRESSIVE;
				CLANG_WARN_UNREACHABLE_CODE = YES;
				CLANG_WARN__DUPLICATE_METHOD_MATCH = YES;
				COPY_PHASE_STRIP = NO;
				DEBUG_INFORMATION_FORMAT = "dwarf-with-dsym";
				ENABLE_NS_ASSERTIONS = NO;
				ENABLE_STRICT_OBJC_MSGSEND = YES;
				ENABLE_USER_SCRIPT_SANDBOXING = YES;
				GCC_C_LANGUAGE_STANDARD = gnu17;
				GCC_NO_COMMON_BLOCKS = YES;
				GCC_WARN_64_TO_32_BIT_CONVERSION = YES;
				GCC_WARN_ABOUT_RETURN_TYPE = YES_ERROR;
				GCC_WARN_UNDECLARED_SELECTOR = YES;
				GCC_WARN_UNINITIALIZED_AUTOS = YES_AGGRESSIVE;
				GCC_WARN_UNUSED_FUNCTION = YES;
				GCC_WARN_UNUSED_VARIABLE = YES;
				IPHONEOS_DEPLOYMENT_TARGET = 16;
				LOCALIZATION_PREFERS_STRING_CATALOGS = YES;
				MTL_ENABLE_DEBUG_INFO = NO;
				MTL_FAST_MATH = YES;
				SDKROOT = iphoneos;
				SWIFT_COMPILATION_MODE = wholemodule;
				VALIDATE_PRODUCT = YES;
			};
			name = Release;
		};
		77D4BB822BE2829D00056404 /* Debug */ = {
			isa = XCBuildConfiguration;
			baseConfigurationReference = 4C6DB8794574FF910B68DF5D /* Pods-WeatherApp.debug.xcconfig */;
			buildSettings = {
				ASSETCATALOG_COMPILER_APPICON_NAME = AppIcon;
				ASSETCATALOG_COMPILER_GLOBAL_ACCENT_COLOR_NAME = AccentColor;
				CODE_SIGN_STYLE = Automatic;
				CURRENT_PROJECT_VERSION = 1;
				ENABLE_USER_SCRIPT_SANDBOXING = NO;
				GENERATE_INFOPLIST_FILE = YES;
				INFOPLIST_FILE = WeatherApp/SupportingFiles/Info.plist;
				INFOPLIST_KEY_UIApplicationSupportsIndirectInputEvents = YES;
				INFOPLIST_KEY_UILaunchStoryboardName = LaunchScreen;
				INFOPLIST_KEY_UIMainStoryboardFile = "";
				INFOPLIST_KEY_UISupportedInterfaceOrientations = UIInterfaceOrientationPortrait;
				INFOPLIST_KEY_UISupportedInterfaceOrientations_iPad = "UIInterfaceOrientationLandscapeLeft UIInterfaceOrientationLandscapeRight UIInterfaceOrientationPortrait UIInterfaceOrientationPortraitUpsideDown";
				LD_RUNPATH_SEARCH_PATHS = (
					"$(inherited)",
					"@executable_path/Frameworks",
				);
				MARKETING_VERSION = 1.0;
				PRODUCT_BUNDLE_IDENTIFIER = "VP-P.WeatherApp";
				PRODUCT_NAME = "$(TARGET_NAME)";
				SUPPORTED_PLATFORMS = "iphoneos iphonesimulator";
				SUPPORTS_MACCATALYST = NO;
				SUPPORTS_MAC_DESIGNED_FOR_IPHONE_IPAD = NO;
				SUPPORTS_XR_DESIGNED_FOR_IPHONE_IPAD = NO;
				SWIFT_EMIT_LOC_STRINGS = YES;
				SWIFT_VERSION = 5.0;
				TARGETED_DEVICE_FAMILY = 1;
			};
			name = Debug;
		};
		77D4BB832BE2829D00056404 /* Release */ = {
			isa = XCBuildConfiguration;
			baseConfigurationReference = 6945823F7ECBABF8CF4D72CB /* Pods-WeatherApp.release.xcconfig */;
			buildSettings = {
				ASSETCATALOG_COMPILER_APPICON_NAME = AppIcon;
				ASSETCATALOG_COMPILER_GLOBAL_ACCENT_COLOR_NAME = AccentColor;
				CODE_SIGN_STYLE = Automatic;
				CURRENT_PROJECT_VERSION = 1;
				ENABLE_USER_SCRIPT_SANDBOXING = NO;
				GENERATE_INFOPLIST_FILE = YES;
				INFOPLIST_FILE = WeatherApp/SupportingFiles/Info.plist;
				INFOPLIST_KEY_UIApplicationSupportsIndirectInputEvents = YES;
				INFOPLIST_KEY_UILaunchStoryboardName = LaunchScreen;
				INFOPLIST_KEY_UIMainStoryboardFile = "";
				INFOPLIST_KEY_UISupportedInterfaceOrientations = UIInterfaceOrientationPortrait;
				INFOPLIST_KEY_UISupportedInterfaceOrientations_iPad = "UIInterfaceOrientationLandscapeLeft UIInterfaceOrientationLandscapeRight UIInterfaceOrientationPortrait UIInterfaceOrientationPortraitUpsideDown";
				LD_RUNPATH_SEARCH_PATHS = (
					"$(inherited)",
					"@executable_path/Frameworks",
				);
				MARKETING_VERSION = 1.0;
				PRODUCT_BUNDLE_IDENTIFIER = "VP-P.WeatherApp";
				PRODUCT_NAME = "$(TARGET_NAME)";
				SUPPORTED_PLATFORMS = "iphoneos iphonesimulator";
				SUPPORTS_MACCATALYST = NO;
				SUPPORTS_MAC_DESIGNED_FOR_IPHONE_IPAD = NO;
				SUPPORTS_XR_DESIGNED_FOR_IPHONE_IPAD = NO;
				SWIFT_EMIT_LOC_STRINGS = YES;
				SWIFT_VERSION = 5.0;
				TARGETED_DEVICE_FAMILY = 1;
			};
			name = Release;
		};
/* End XCBuildConfiguration section */

/* Begin XCConfigurationList section */
		77D4BB682BE2829B00056404 /* Build configuration list for PBXProject "WeatherApp" */ = {
			isa = XCConfigurationList;
			buildConfigurations = (
				77D4BB7F2BE2829D00056404 /* Debug */,
				77D4BB802BE2829D00056404 /* Release */,
			);
			defaultConfigurationIsVisible = 0;
			defaultConfigurationName = Release;
		};
		77D4BB812BE2829D00056404 /* Build configuration list for PBXNativeTarget "WeatherApp" */ = {
			isa = XCConfigurationList;
			buildConfigurations = (
				77D4BB822BE2829D00056404 /* Debug */,
				77D4BB832BE2829D00056404 /* Release */,
			);
			defaultConfigurationIsVisible = 0;
			defaultConfigurationName = Release;
		};
/* End XCConfigurationList section */

/* Begin XCVersionGroup section */
		77D26E6B2C2314DF000B5E26 /* CoreData.xcdatamodeld */ = {
			isa = XCVersionGroup;
			children = (
				77D26E6C2C2314DF000B5E26 /* CoreData.xcdatamodel */,
			);
			currentVersion = 77D26E6C2C2314DF000B5E26 /* CoreData.xcdatamodel */;
			name = CoreData.xcdatamodeld;
			path = /Users/viktor/Developer/WeatherApp/WeatherApp/Services/CDStorageManager/CoreData.xcdatamodeld;
			sourceTree = "<group>";
			versionGroupType = wrapper.xcdatamodel;
		};
/* End XCVersionGroup section */
	};
	rootObject = 77D4BB652BE2829B00056404 /* Project object */;
}
